
Microsoft Visual Studio Solution File, Format Version 12.00
# Visual Studio Version 17
VisualStudioVersion = 17.0.31919.166
MinimumVisualStudioVersion = 10.0.40219.1
Project("{FAE04EC0-301F-11D3-BF4B-00C04F79EFBC}") = "BookManagementAPI", "BookManagementAPI\BookManagementAPI.csproj", "{1DCDB354-2B07-40E2-A5CB-C68E4E06DA48}"
EndProject
Global
	GlobalSection(SolutionConfigurationPlatforms) = preSolution
		Debug|Any CPU = Debug|Any CPU
		Release|Any CPU = Release|Any CPU
	EndGlobalSection
	GlobalSection(ProjectConfigurationPlatforms) = postSolution
		{1DCDB354-2B07-40E2-A5CB-C68E4E06DA48}.Debug|Any CPU.ActiveCfg = Debug|Any CPU
		{1DCDB354-2B07-40E2-A5CB-C68E4E06DA48}.Debug|Any CPU.Build.0 = Debug|Any CPU
		{1DCDB354-2B07-40E2-A5CB-C68E4E06DA48}.Release|Any CPU.ActiveCfg = Release|Any CPU
		{1DCDB354-2B07-40E2-A5CB-C68E4E06DA48}.Release|Any CPU.Build.0 = Release|Any CPU
	EndGlobalSection
	GlobalSection(SolutionProperties) = preSolution
		HideSolutionNode = FALSE
	EndGlobalSection
	GlobalSection(ExtensibilityGlobals) = postSolution
		SolutionGuid = {CC694F00-B22B-4E07-8BCB-7F9460855CC1}
	EndGlobalSection
EndGlobal
